
Microsoft Visual Studio Solution File, Format Version 12.00
# Visual Studio Version 17
VisualStudioVersion = 17.11.35208.52
MinimumVisualStudioVersion = 10.0.40219.1
Project("{FAE04EC0-301F-11D3-BF4B-00C04F79EFBC}") = "HomeWork", "HomeWork\HomeWork.csproj", "{594E6E66-9AAB-4839-9EC0-56A220D3EEC6}"
EndProject
Global
	GlobalSection(SolutionConfigurationPlatforms) = preSolution
		Debug|Any CPU = Debug|Any CPU
		Release|Any CPU = Release|Any CPU
	EndGlobalSection
	GlobalSection(ProjectConfigurationPlatforms) = postSolution
		{594E6E66-9AAB-4839-9EC0-56A220D3EEC6}.Debug|Any CPU.ActiveCfg = Debug|Any CPU
		{594E6E66-9AAB-4839-9EC0-56A220D3EEC6}.Debug|Any CPU.Build.0 = Debug|Any CPU
		{594E6E66-9AAB-4839-9EC0-56A220D3EEC6}.Release|Any CPU.ActiveCfg = Release|Any CPU
		{594E6E66-9AAB-4839-9EC0-56A220D3EEC6}.Release|Any CPU.Build.0 = Release|Any CPU
	EndGlobalSection
	GlobalSection(SolutionProperties) = preSolution
		HideSolutionNode = FALSE
	EndGlobalSection
	GlobalSection(ExtensibilityGlobals) = postSolution
		SolutionGuid = {5A046F8F-DCD0-4E3E-A734-C2E500FA3EEE}
	EndGlobalSection
EndGlobal
